// !$*UTF8*$!
{
	archiveVersion = 1;
	classes = {
	};
	objectVersion = 46;
	objects = {

/* Begin PBXBuildFile section */
		2907D4A51D460EA800E51D3E /* GFDrawView.m in Sources */ = {isa = PBXBuildFile; fileRef = 2907D4A41D460EA800E51D3E /* GFDrawView.m */; };
		29761A221D45B38D00A5129B /* main.m in Sources */ = {isa = PBXBuildFile; fileRef = 29761A211D45B38D00A5129B /* main.m */; };
		29761A251D45B38D00A5129B /* AppDelegate.m in Sources */ = {isa = PBXBuildFile; fileRef = 29761A241D45B38D00A5129B /* AppDelegate.m */; };
		29761A281D45B38D00A5129B /* ViewController.m in Sources */ = {isa = PBXBuildFile; fileRef = 29761A271D45B38D00A5129B /* ViewController.m */; };
		29761A2B1D45B38D00A5129B /* Main.storyboard in Resources */ = {isa = PBXBuildFile; fileRef = 29761A291D45B38D00A5129B /* Main.storyboard */; };
		29761A2D1D45B38D00A5129B /* Assets.xcassets in Resources */ = {isa = PBXBuildFile; fileRef = 29761A2C1D45B38D00A5129B /* Assets.xcassets */; };
		29761A301D45B38D00A5129B /* LaunchScreen.storyboard in Resources */ = {isa = PBXBuildFile; fileRef = 29761A2E1D45B38D00A5129B /* LaunchScreen.storyboard */; };
/* End PBXBuildFile section */

/* Begin PBXFileReference section */
		2907D4A31D460EA800E51D3E /* GFDrawView.h */ = {isa = PBXFileReference; fileEncoding = 4; lastKnownFileType = sourcecode.c.h; path = GFDrawView.h; sourceTree = "<group>"; };
		2907D4A41D460EA800E51D3E /* GFDrawView.m */ = {isa = PBXFileReference; fileEncoding = 4; lastKnownFileType = sourcecode.c.objc; path = GFDrawView.m; sourceTree = "<group>"; };
		29761A1D1D45B38D00A5129B /* Quartz2DSimpleDemo.app */ = {isa = PBXFileReference; explicitFileType = wrapper.application; includeInIndex = 0; path = Quartz2DSimpleDemo.app; sourceTree = BUILT_PRODUCTS_DIR; };
		29761A211D45B38D00A5129B /* main.m */ = {isa = PBXFileReference; lastKnownFileType = sourcecode.c.objc; path = main.m; sourceTree = "<group>"; };
		29761A231D45B38D00A5129B /* AppDelegate.h */ = {isa = PBXFileReference; lastKnownFileType = sourcecode.c.h; path = AppDelegate.h; sourceTree = "<group>"; };
		29761A241D45B38D00A5129B /* AppDelegate.m */ = {isa = PBXFileReference; lastKnownFileType = sourcecode.c.objc; path = AppDelegate.m; sourceTree = "<group>"; };
		29761A261D45B38D00A5129B /* ViewController.h */ = {isa = PBXFileReference; lastKnownFileType = sourcecode.c.h; path = ViewController.h; sourceTree = "<group>"; };
		29761A271D45B38D00A5129B /* ViewController.m */ = {isa = PBXFileReference; lastKnownFileType = sourcecode.c.objc; path = ViewController.m; sourceTree = "<group>"; };
		29761A2A1D45B38D00A5129B /* Base */ = {isa = PBXFileReference; lastKnownFileType = file.storyboard; name = Base; path = Base.lproj/Main.storyboard; sourceTree = "<group>"; };
		29761A2C1D45B38D00A5129B /* Assets.xcassets */ = {isa = PBXFileReference; lastKnownFileType = folder.assetcatalog; path = Assets.xcassets; sourceTree = "<group>"; };
		29761A2F1D45B38D00A5129B /* Base */ = {isa = PBXFileReference; lastKnownFileType = file.storyboard; name = Base; path = Base.lproj/LaunchScreen.storyboard; sourceTree = "<group>"; };
		29761A311D45B38D00A5129B /* Info.plist */ = {isa = PBXFileReference; lastKnownFileType = text.plist.xml; path = Info.plist; sourceTree = "<group>"; };
/* End PBXFileReference section */

/* Begin PBXFrameworksBuildPhase section */
		29761A1A1D45B38D00A5129B /* Frameworks */ = {
			isa = PBXFrameworksBuildPhase;
			buildActionMask = 2147483647;
			files = (
			);
			runOnlyForDeploymentPostprocessing = 0;
		};
/* End PBXFrameworksBuildPhase section */

/* Begin PBXGroup section */
		29761A141D45B38D00A5129B = {
			isa = PBXGroup;
			children = (
				29761A1F1D45B38D00A5129B /* Quartz2DSimpleDemo */,
				29761A1E1D45B38D00A5129B /* Products */,
			);
			sourceTree = "<group>";
		};
		29761A1E1D45B38D00A5129B /* Products */ = {
			isa = PBXGroup;
			children = (
				29761A1D1D45B38D00A5129B /* Quartz2DSimpleDemo.app */,
			);
			name = Products;
			sourceTree = "<group>";
		};
		29761A1F1D45B38D00A5129B /* Quartz2DSimpleDemo */ = {
			isa = PBXGroup;
			children = (
				29761A231D45B38D00A5129B /* AppDelegate.h */,
				29761A241D45B38D00A5129B /* AppDelegate.m */,
				29761A261D45B38D00A5129B /* ViewController.h */,
				29761A271D45B38D00A5129B /* ViewController.m */,
				2907D4A31D460EA800E51D3E /* GFDrawView.h */,
				2907D4A41D460EA800E51D3E /* GFDrawView.m */,
				29761A291D45B38D00A5129B /* Main.storyboard */,
				29761A2C1D45B38D00A5129B /* Assets.xcassets */,
				29761A2E1D45B38D00A5129B /* LaunchScreen.storyboard */,
				29761A311D45B38D00A5129B /* Info.plist */,
				29761A201D45B38D00A5129B /* Supporting Files */,
			);
			path = Quartz2DSimpleDemo;
			sourceTree = "<group>";
		};
		29761A201D45B38D00A5129B /* Supporting Files */ = {
			isa = PBXGroup;
			children = (
				29761A211D45B38D00A5129B /* main.m */,
			);
			name = "Supporting Files";
			sourceTree = "<group>";
		};
/* End PBXGroup section */

/* Begin PBXNativeTarget section */
		29761A1C1D45B38D00A5129B /* Quartz2DSimpleDemo */ = {
			isa = PBXNativeTarget;
			buildConfigurationList = 29761A341D45B38D00A5129B /* Build configuration list for PBXNativeTarget "Quartz2DSimpleDemo" */;
			buildPhases = (
				29761A191D45B38D00A5129B /* Sources */,
				29761A1A1D45B38D00A5129B /* Frameworks */,
				29761A1B1D45B38D00A5129B /* Resources */,
			);
			buildRules = (
			);
			dependencies = (
			);
			name = Quartz2DSimpleDemo;
			productName = Quartz2DSimpleDemo;
			productReference = 29761A1D1D45B38D00A5129B /* Quartz2DSimpleDemo.app */;
			productType = "com.apple.product-type.application";
		};
/* End PBXNativeTarget section */

/* Begin PBXProject section */
		29761A151D45B38D00A5129B /* Project object */ = {
			isa = PBXProject;
			attributes = {
				LastUpgradeCheck = 0730;
				ORGANIZATIONNAME = LiZhongQiang;
				TargetAttributes = {
					29761A1C1D45B38D00A5129B = {
						CreatedOnToolsVersion = 7.3.1;
					};
				};
			};
			buildConfigurationList = 29761A181D45B38D00A5129B /* Build configuration list for PBXProject "Quartz2DSimpleDemo" */;
			compatibilityVersion = "Xcode 3.2";
			developmentRegion = English;
			hasScannedForEncodings = 0;
			knownRegions = (
				en,
				Base,
			);
			mainGroup = 29761A141D45B38D00A5129B;
			productRefGroup = 29761A1E1D45B38D00A5129B /* Products */;
			projectDirPath = "";
			projectRoot = "";
			targets = (
				29761A1C1D45B38D00A5129B /* Quartz2DSimpleDemo */,
			);
		};
/* End PBXProject section */

/* Begin PBXResourcesBuildPhase section */
		29761A1B1D45B38D00A5129B /* Resources */ = {
			isa = PBXResourcesBuildPhase;
			buildActionMask = 2147483647;
			files = (
				29761A301D45B38D00A5129B /* LaunchScreen.storyboard in Resources */,
				29761A2D1D45B38D00A5129B /* Assets.xcassets in Resources */,
				29761A2B1D45B38D00A5129B /* Main.storyboard in Resources */,
			);
			runOnlyForDeploymentPostprocessing = 0;
		};
/* End PBXResourcesBuildPhase section */

/* Begin PBXSourcesBuildPhase section */
		29761A191D45B38D00A5129B /* Sources */ = {
			isa = PBXSourcesBuildPhase;
			buildActionMask = 2147483647;
			files = (
				29761A281D45B38D00A5129B /* ViewController.m in Sources */,
				2907D4A51D460EA800E51D3E /* GFDrawView.m in Sources */,
				29761A251D45B38D00A5129B /* AppDelegate.m in Sources */,
				29761A221D45B38D00A5129B /* main.m in Sources */,
			);
			runOnlyForDeploymentPostprocessing = 0;
		};
/* End PBXSourcesBuildPhase section */

/* Begin PBXVariantGroup section */
		29761A291D45B38D00A5129B /* Main.storyboard */ = {
			isa = PBXVariantGroup;
			children = (
				29761A2A1D45B38D00A5129B /* Base */,
			);
			name = Main.storyboard;
			sourceTree = "<group>";
		};
		29761A2E1D45B38D00A5129B /* LaunchScreen.storyboard */ = {
			isa = PBXVariantGroup;
			children = (
				29761A2F1D45B38D00A5129B /* Base */,
			);
			name = LaunchScreen.storyboard;
			sourceTree = "<group>";
		};
/* End PBXVariantGroup section */

/* Begin XCBuildConfiguration section */
		29761A321D45B38D00A5129B /* Debug */ = {
			isa = XCBuildConfiguration;
			buildSettings = {
				ALWAYS_SEARCH_USER_PATHS = NO;
				CLANG_ANALYZER_NONNULL = YES;
				CLANG_CXX_LANGUAGE_STANDARD = "gnu++0x";
				CLANG_CXX_LIBRARY = "libc++";
				CLANG_ENABLE_MODULES = YES;
				CLANG_ENABLE_OBJC_ARC = YES;
				CLANG_WARN_BOOL_CONVERSION = YES;
				CLANG_WARN_CONSTANT_CONVERSION = YES;
				CLANG_WARN_DIRECT_OBJC_ISA_USAGE = YES_ERROR;
				CLANG_WARN_EMPTY_BODY = YES;
				CLANG_WARN_ENUM_CONVERSION = YES;
				CLANG_WARN_INT_CONVERSION = YES;
				CLANG_WARN_OBJC_ROOT_CLASS = YES_ERROR;
				CLANG_WARN_UNREACHABLE_CODE = YES;
				CLANG_WARN__DUPLICATE_METHOD_MATCH = YES;
				"CODE_SIGN_IDENTITY[sdk=iphoneos*]" = "iPhone Developer";
				COPY_PHASE_STRIP = NO;
				DEBUG_INFORMATION_FORMAT = dwarf;
				ENABLE_STRICT_OBJC_MSGSEND = YES;
				ENABLE_TESTABILITY = YES;
				GCC_C_LANGUAGE_STANDARD = gnu99;
				GCC_DYNAMIC_NO_PIC = NO;
				GCC_NO_COMMON_BLOCKS = YES;
				GCC_OPTIMIZATION_LEVEL = 0;
				GCC_PREPROCESSOR_DEFINITIONS = (
					"DEBUG=1",
					"$(inherited)",
				);
				GCC_WARN_64_TO_32_BIT_CONVERSION = YES;
				GCC_WARN_ABOUT_RETURN_TYPE = YES_ERROR;
				GCC_WARN_UNDECLARED_SELECTOR = YES;
				GCC_WARN_UNINITIALIZED_AUTOS = YES_AGGRESSIVE;
				GCC_WARN_UNUSED_FUNCTION = YES;
				GCC_WARN_UNUSED_VARIABLE = YES;
				IPHONEOS_DEPLOYMENT_TARGET = 9.3;
				MTL_ENABLE_DEBUG_INFO = YES;
				ONLY_ACTIVE_ARCH = YES;
				SDKROOT = iphoneos;
			};
			name = Debug;
		};
		29761A331D45B38D00A5129B /* Release */ = {
			isa = XCBuildConfiguration;
			buildSettings = {
				ALWAYS_SEARCH_USER_PATHS = NO;
				CLANG_ANALYZER_NONNULL = YES;
				CLANG_CXX_LANGUAGE_STANDARD = "gnu++0x";
				CLANG_CXX_LIBRARY = "libc++";
				CLANG_ENABLE_MODULES = YES;
				CLANG_ENABLE_OBJC_ARC = YES;
				CLANG_WARN_BOOL_CONVERSION = YES;
				CLANG_WARN_CONSTANT_CONVERSION = YES;
				CLANG_WARN_DIRECT_OBJC_ISA_USAGE = YES_ERROR;
				CLANG_WARN_EMPTY_BODY = YES;
				CLANG_WARN_ENUM_CONVERSION = YES;
				CLANG_WARN_INT_CONVERSION = YES;
				CLANG_WARN_OBJC_ROOT_CLASS = YES_ERROR;
				CLANG_WARN_UNREACHABLE_CODE = YES;
				CLANG_WARN__DUPLICATE_METHOD_MATCH = YES;
				"CODE_SIGN_IDENTITY[sdk=iphoneos*]" = "iPhone Developer";
				COPY_PHASE_STRIP = NO;
				DEBUG_INFORMATION_FORMAT = "dwarf-with-dsym";
				ENABLE_NS_ASSERTIONS = NO;
				ENABLE_STRICT_OBJC_MSGSEND = YES;
				GCC_C_LANGUAGE_STANDARD = gnu99;
				GCC_NO_COMMON_BLOCKS = YES;
				GCC_WARN_64_TO_32_BIT_CONVERSION = YES;
				GCC_WARN_ABOUT_RETURN_TYPE = YES_ERROR;
				GCC_WARN_UNDECLARED_SELECTOR = YES;
				GCC_WARN_UNINITIALIZED_AUTOS = YES_AGGRESSIVE;
				GCC_WARN_UNUSED_FUNCTION = YES;
				GCC_WARN_UNUSED_VARIABLE = YES;
				IPHONEOS_DEPLOYMENT_TARGET = 9.3;
				MTL_ENABLE_DEBUG_INFO = NO;
				SDKROOT = iphoneos;
				VALIDATE_PRODUCT = YES;
			};
			name = Release;
		};
		29761A351D45B38D00A5129B /* Debug */ = {
			isa = XCBuildConfiguration;
			buildSettings = {
				ASSETCATALOG_COMPILER_APPICON_NAME = AppIcon;
				INFOPLIST_FILE = Quartz2DSimpleDemo/Info.plist;
				LD_RUNPATH_SEARCH_PATHS = "$(inherited) @executable_path/Frameworks";
				PRODUCT_BUNDLE_IDENTIFIER = com.lzq.Quartz2DSimpleDemo;
				PRODUCT_NAME = "$(TARGET_NAME)";
			};
			name = Debug;
		};
		29761A361D45B38D00A5129B /* Release */ = {
			isa = XCBuildConfiguration;
			buildSettings = {
				ASSETCATALOG_COMPILER_APPICON_NAME = AppIcon;
				INFOPLIST_FILE = Quartz2DSimpleDemo/Info.plist;
				LD_RUNPATH_SEARCH_PATHS = "$(inherited) @executable_path/Frameworks";
				PRODUCT_BUNDLE_IDENTIFIER = com.lzq.Quartz2DSimpleDemo;
				PRODUCT_NAME = "$(TARGET_NAME)";
			};
			name = Release;
		};
/* End XCBuildConfiguration section */

/* Begin XCConfigurationList section */
		29761A181D45B38D00A5129B /* Build configuration list for PBXProject "Quartz2DSimpleDemo" */ = {
			isa = XCConfigurationList;
			buildConfigurations = (
				29761A321D45B38D00A5129B /* Debug */,
				29761A331D45B38D00A5129B /* Release */,
			);
			defaultConfigurationIsVisible = 0;
			defaultConfigurationName = Release;
		};
		29761A341D45B38D00A5129B /* Build configuration list for PBXNativeTarget "Quartz2DSimpleDemo" */ = {
			isa = XCConfigurationList;
			buildConfigurations = (
				29761A351D45B38D00A5129B /* Debug */,
				29761A361D45B38D00A5129B /* Release */,
			);
			defaultConfigurationIsVisible = 0;
			defaultConfigurationName = Release;
		};
/* End XCConfigurationList section */
	};
	rootObject = 29761A151D45B38D00A5129B /* Project object */;
}
